
Microsoft Visual Studio Solution File, Format Version 12.00
# Visual Studio Version 16
VisualStudioVersion = 16.0.30204.135
MinimumVisualStudioVersion = 10.0.40219.1
Project("{9A19103F-16F7-4668-BE54-9A1E7A4F7556}") = "WebShop.Api", "WebShop.API\WebShop.Api.csproj", "{B84D0B34-68EE-4810-9CD4-5A4D00736550}"
EndProject
Project("{9A19103F-16F7-4668-BE54-9A1E7A4F7556}") = "WebShop.Test", "WebShop.Test\WebShop.Test.csproj", "{4548F8E6-2AC1-4583-A9C9-927C41653EA1}"
	ProjectSection(ProjectDependencies) = postProject
		{D9770816-124A-49B1-95CE-6187AB617CEB} = {D9770816-124A-49B1-95CE-6187AB617CEB}
		{B84D0B34-68EE-4810-9CD4-5A4D00736550} = {B84D0B34-68EE-4810-9CD4-5A4D00736550}
		{C8DEFFE1-9A67-4D36-ACAB-E35DDA157BD5} = {C8DEFFE1-9A67-4D36-ACAB-E35DDA157BD5}
	EndProjectSection
EndProject
Project("{2150E333-8FDC-42A3-9474-1A3956D46DE8}") = "Tests", "Tests", "{65DED05F-75ED-48FE-A773-E507F8407DE6}"
EndProject
Project("{9A19103F-16F7-4668-BE54-9A1E7A4F7556}") = "WebShop.Data", "WebShop.Data\WebShop.Data.csproj", "{D9770816-124A-49B1-95CE-6187AB617CEB}"
EndProject
Project("{9A19103F-16F7-4668-BE54-9A1E7A4F7556}") = "WebShop.Core", "WebShop.Core\WebShop.Core.csproj", "{C8DEFFE1-9A67-4D36-ACAB-E35DDA157BD5}"
EndProject
Global
	GlobalSection(SolutionConfigurationPlatforms) = preSolution
		Debug|Any CPU = Debug|Any CPU
		Release|Any CPU = Release|Any CPU
	EndGlobalSection
	GlobalSection(ProjectConfigurationPlatforms) = postSolution
		{B84D0B34-68EE-4810-9CD4-5A4D00736550}.Debug|Any CPU.ActiveCfg = Debug|Any CPU
		{B84D0B34-68EE-4810-9CD4-5A4D00736550}.Debug|Any CPU.Build.0 = Debug|Any CPU
		{B84D0B34-68EE-4810-9CD4-5A4D00736550}.Release|Any CPU.ActiveCfg = Release|Any CPU
		{B84D0B34-68EE-4810-9CD4-5A4D00736550}.Release|Any CPU.Build.0 = Release|Any CPU
		{4548F8E6-2AC1-4583-A9C9-927C41653EA1}.Debug|Any CPU.ActiveCfg = Debug|Any CPU
		{4548F8E6-2AC1-4583-A9C9-927C41653EA1}.Debug|Any CPU.Build.0 = Debug|Any CPU
		{4548F8E6-2AC1-4583-A9C9-927C41653EA1}.Release|Any CPU.ActiveCfg = Release|Any CPU
		{4548F8E6-2AC1-4583-A9C9-927C41653EA1}.Release|Any CPU.Build.0 = Release|Any CPU
		{D9770816-124A-49B1-95CE-6187AB617CEB}.Debug|Any CPU.ActiveCfg = Debug|Any CPU
		{D9770816-124A-49B1-95CE-6187AB617CEB}.Debug|Any CPU.Build.0 = Debug|Any CPU
		{D9770816-124A-49B1-95CE-6187AB617CEB}.Release|Any CPU.ActiveCfg = Release|Any CPU
		{D9770816-124A-49B1-95CE-6187AB617CEB}.Release|Any CPU.Build.0 = Release|Any CPU
		{C8DEFFE1-9A67-4D36-ACAB-E35DDA157BD5}.Debug|Any CPU.ActiveCfg = Debug|Any CPU
		{C8DEFFE1-9A67-4D36-ACAB-E35DDA157BD5}.Debug|Any CPU.Build.0 = Debug|Any CPU
		{C8DEFFE1-9A67-4D36-ACAB-E35DDA157BD5}.Release|Any CPU.ActiveCfg = Release|Any CPU
		{C8DEFFE1-9A67-4D36-ACAB-E35DDA157BD5}.Release|Any CPU.Build.0 = Release|Any CPU
	EndGlobalSection
	GlobalSection(SolutionProperties) = preSolution
		HideSolutionNode = FALSE
	EndGlobalSection
	GlobalSection(NestedProjects) = preSolution
		{4548F8E6-2AC1-4583-A9C9-927C41653EA1} = {65DED05F-75ED-48FE-A773-E507F8407DE6}
	EndGlobalSection
	GlobalSection(ExtensibilityGlobals) = postSolution
		SolutionGuid = {6E68516D-A886-49FE-BDA2-91AA6137E9DE}
	EndGlobalSection
EndGlobal
