
Microsoft Visual Studio Solution File, Format Version 12.00
# Visual Studio Version 16
VisualStudioVersion = 16.0.30204.135
MinimumVisualStudioVersion = 10.0.40219.1
Project("{9A19103F-16F7-4668-BE54-9A1E7A4F7556}") = "WebShop", "WebShop.API\WebShop.csproj", "{B84D0B34-68EE-4810-9CD4-5A4D00736550}"
EndProject
Project("{9A19103F-16F7-4668-BE54-9A1E7A4F7556}") = "WebShop.Test", "WebShop.Test\WebShop.Test.csproj", "{4548F8E6-2AC1-4583-A9C9-927C41653EA1}"
EndProject
Global
	GlobalSection(SolutionConfigurationPlatforms) = preSolution
		Debug|Any CPU = Debug|Any CPU
		Release|Any CPU = Release|Any CPU
	EndGlobalSection
	GlobalSection(ProjectConfigurationPlatforms) = postSolution
		{B84D0B34-68EE-4810-9CD4-5A4D00736550}.Debug|Any CPU.ActiveCfg = Debug|Any CPU
		{B84D0B34-68EE-4810-9CD4-5A4D00736550}.Debug|Any CPU.Build.0 = Debug|Any CPU
		{B84D0B34-68EE-4810-9CD4-5A4D00736550}.Release|Any CPU.ActiveCfg = Release|Any CPU
		{B84D0B34-68EE-4810-9CD4-5A4D00736550}.Release|Any CPU.Build.0 = Release|Any CPU
		{4548F8E6-2AC1-4583-A9C9-927C41653EA1}.Debug|Any CPU.ActiveCfg = Debug|Any CPU
		{4548F8E6-2AC1-4583-A9C9-927C41653EA1}.Debug|Any CPU.Build.0 = Debug|Any CPU
		{4548F8E6-2AC1-4583-A9C9-927C41653EA1}.Release|Any CPU.ActiveCfg = Release|Any CPU
		{4548F8E6-2AC1-4583-A9C9-927C41653EA1}.Release|Any CPU.Build.0 = Release|Any CPU
	EndGlobalSection
	GlobalSection(SolutionProperties) = preSolution
		HideSolutionNode = FALSE
	EndGlobalSection
	GlobalSection(ExtensibilityGlobals) = postSolution
		SolutionGuid = {6E68516D-A886-49FE-BDA2-91AA6137E9DE}
	EndGlobalSection
EndGlobal
